
Microsoft Visual Studio Solution File, Format Version 12.00
# Visual Studio Version 16
VisualStudioVersion = 16.0.29215.179
MinimumVisualStudioVersion = 10.0.40219.1
Project("{8BC9CEB8-8B4A-11D0-8D11-00A0C91BC942}") = "YASEMİN", "YASEMİN\YASEMİN.vcxproj", "{ECCB6474-4CA9-424F-BCA7-A2844C8C771D}"
EndProject
Project("{8BC9CEB8-8B4A-11D0-8D11-00A0C91BC942}") = "YASEMİN2", "YASEMİN2\YASEMİN2.vcxproj", "{675B8202-4866-4A22-8605-98D829904CCF}"
EndProject
Global
	GlobalSection(SolutionConfigurationPlatforms) = preSolution
		Debug|x64 = Debug|x64
		Debug|x86 = Debug|x86
		Release|x64 = Release|x64
		Release|x86 = Release|x86
	EndGlobalSection
	GlobalSection(ProjectConfigurationPlatforms) = postSolution
		{ECCB6474-4CA9-424F-BCA7-A2844C8C771D}.Debug|x64.ActiveCfg = Debug|x64
		{ECCB6474-4CA9-424F-BCA7-A2844C8C771D}.Debug|x64.Build.0 = Debug|x64
		{ECCB6474-4CA9-424F-BCA7-A2844C8C771D}.Debug|x86.ActiveCfg = Debug|Win32
		{ECCB6474-4CA9-424F-BCA7-A2844C8C771D}.Debug|x86.Build.0 = Debug|Win32
		{ECCB6474-4CA9-424F-BCA7-A2844C8C771D}.Release|x64.ActiveCfg = Release|x64
		{ECCB6474-4CA9-424F-BCA7-A2844C8C771D}.Release|x64.Build.0 = Release|x64
		{ECCB6474-4CA9-424F-BCA7-A2844C8C771D}.Release|x86.ActiveCfg = Release|Win32
		{ECCB6474-4CA9-424F-BCA7-A2844C8C771D}.Release|x86.Build.0 = Release|Win32
		{675B8202-4866-4A22-8605-98D829904CCF}.Debug|x64.ActiveCfg = Debug|x64
		{675B8202-4866-4A22-8605-98D829904CCF}.Debug|x64.Build.0 = Debug|x64
		{675B8202-4866-4A22-8605-98D829904CCF}.Debug|x86.ActiveCfg = Debug|Win32
		{675B8202-4866-4A22-8605-98D829904CCF}.Debug|x86.Build.0 = Debug|Win32
		{675B8202-4866-4A22-8605-98D829904CCF}.Release|x64.ActiveCfg = Release|x64
		{675B8202-4866-4A22-8605-98D829904CCF}.Release|x64.Build.0 = Release|x64
		{675B8202-4866-4A22-8605-98D829904CCF}.Release|x86.ActiveCfg = Release|Win32
		{675B8202-4866-4A22-8605-98D829904CCF}.Release|x86.Build.0 = Release|Win32
	EndGlobalSection
	GlobalSection(SolutionProperties) = preSolution
		HideSolutionNode = FALSE
	EndGlobalSection
	GlobalSection(ExtensibilityGlobals) = postSolution
		SolutionGuid = {478B811F-F422-40F3-A611-796ACC34BBA9}
	EndGlobalSection
EndGlobal
